Microsoft Visual Studio Solution File, Format Version 12.00
# Visual Studio Version 17
VisualStudioVersion = 17.0.31903.59
MinimumVisualStudioVersion = 10.0.40219.1
Project("{D954291E-2A0B-460D-934E-DC6B0785DB48}") = "Core.KKStudioSocket", "src\KKStudioSocket.Core\Core.KKStudioSocket.shproj", "{25FFB529-9D9F-4677-9019-34B64E461666}"
EndProject
Project("{9A19103F-16F7-4668-BE54-9A1E7A4F7556}") = "KK.KKStudioSocket", "src\KKStudioSocket.KK\KK.KKStudioSocket.csproj", "{A1B2C3D4-E5F6-7890-ABCD-EF1234567890}"
EndProject
Project("{9A19103F-16F7-4668-BE54-9A1E7A4F7556}") = "KKS.KKStudioSocket", "src\KKStudioSocket.KKS\KKS.KKStudioSocket.csproj", "{B2C3D4E5-F6A7-8901-BCDE-F23456789012}"
EndProject
Global
	GlobalSection(SharedMSBuildProjectFiles) = preSolution
		src\KKStudioSocket.Core\KKStudioSocket.Core.projitems*{25ffb529-9d9f-4677-9019-34b64e461666}*SharedItemsImports = 13
		src\KKStudioSocket.Core\KKStudioSocket.Core.projitems*{a1b2c3d4-e5f6-7890-abcd-ef1234567890}*SharedItemsImports = 4
		src\KKStudioSocket.Core\KKStudioSocket.Core.projitems*{b2c3d4e5-f6a7-8901-bcde-f23456789012}*SharedItemsImports = 4
	EndGlobalSection
	GlobalSection(SolutionConfigurationPlatforms) = preSolution
		Debug|Any CPU = Debug|Any CPU
		Release|Any CPU = Release|Any CPU
	EndGlobalSection
	GlobalSection(ProjectConfigurationPlatforms) = postSolution
		{A1B2C3D4-E5F6-7890-ABCD-EF1234567890}.Debug|Any CPU.ActiveCfg = Debug|Any CPU
		{A1B2C3D4-E5F6-7890-ABCD-EF1234567890}.Debug|Any CPU.Build.0 = Debug|Any CPU
		{A1B2C3D4-E5F6-7890-ABCD-EF1234567890}.Release|Any CPU.ActiveCfg = Release|Any CPU
		{A1B2C3D4-E5F6-7890-ABCD-EF1234567890}.Release|Any CPU.Build.0 = Release|Any CPU
		{B2C3D4E5-F6A7-8901-BCDE-F23456789012}.Debug|Any CPU.ActiveCfg = Debug|Any CPU
		{B2C3D4E5-F6A7-8901-BCDE-F23456789012}.Debug|Any CPU.Build.0 = Debug|Any CPU
		{B2C3D4E5-F6A7-8901-BCDE-F23456789012}.Release|Any CPU.ActiveCfg = Release|Any CPU
		{B2C3D4E5-F6A7-8901-BCDE-F23456789012}.Release|Any CPU.Build.0 = Release|Any CPU
	EndGlobalSection
	GlobalSection(SolutionProperties) = preSolution
		HideSolutionNode = FALSE
	EndGlobalSection
EndGlobal